
Microsoft Visual Studio Solution File, Format Version 12.00
# Visual Studio Version 16
VisualStudioVersion = 16.0.30907.101
MinimumVisualStudioVersion = 10.0.40219.1
Project("{FAE04EC0-301F-11D3-BF4B-00C04F79EFBC}") = "Exercise1", "Exercise1\Exercise1.csproj", "{243CE184-699E-4716-A421-AFBE6DAD3B03}"
EndProject
Project("{FAE04EC0-301F-11D3-BF4B-00C04F79EFBC}") = "Exercise2", "Exercise2\Exercise2.csproj", "{54D212C0-93B2-443D-8529-FDCD77246E1B}"
EndProject
Project("{FAE04EC0-301F-11D3-BF4B-00C04F79EFBC}") = "Exercise3", "Exercise3\Exercise3.csproj", "{76239EC6-3262-4322-A3A9-8F8F4A716247}"
EndProject
Project("{FAE04EC0-301F-11D3-BF4B-00C04F79EFBC}") = "Exercise4", "Exercise4\Exercise4.csproj", "{01E9445B-1F80-4E08-87AE-CA1A354743B4}"
EndProject
Project("{FAE04EC0-301F-11D3-BF4B-00C04F79EFBC}") = "CRUD_2", "CRUD_2\CRUD_2.csproj", "{B73DC4E9-7AD7-4BDF-8AE0-C7FB88D97DB3}"
EndProject
Project("{FAE04EC0-301F-11D3-BF4B-00C04F79EFBC}") = "CRUD_3", "CRUD_3\CRUD_3.csproj", "{AB2B5987-7B44-4E8E-B25D-DE5964DDC513}"
EndProject
Global
	GlobalSection(SolutionConfigurationPlatforms) = preSolution
		Debug|Any CPU = Debug|Any CPU
		Release|Any CPU = Release|Any CPU
	EndGlobalSection
	GlobalSection(ProjectConfigurationPlatforms) = postSolution
		{243CE184-699E-4716-A421-AFBE6DAD3B03}.Debug|Any CPU.ActiveCfg = Debug|Any CPU
		{243CE184-699E-4716-A421-AFBE6DAD3B03}.Debug|Any CPU.Build.0 = Debug|Any CPU
		{243CE184-699E-4716-A421-AFBE6DAD3B03}.Release|Any CPU.ActiveCfg = Release|Any CPU
		{243CE184-699E-4716-A421-AFBE6DAD3B03}.Release|Any CPU.Build.0 = Release|Any CPU
		{54D212C0-93B2-443D-8529-FDCD77246E1B}.Debug|Any CPU.ActiveCfg = Debug|Any CPU
		{54D212C0-93B2-443D-8529-FDCD77246E1B}.Debug|Any CPU.Build.0 = Debug|Any CPU
		{54D212C0-93B2-443D-8529-FDCD77246E1B}.Release|Any CPU.ActiveCfg = Release|Any CPU
		{54D212C0-93B2-443D-8529-FDCD77246E1B}.Release|Any CPU.Build.0 = Release|Any CPU
		{76239EC6-3262-4322-A3A9-8F8F4A716247}.Debug|Any CPU.ActiveCfg = Debug|Any CPU
		{76239EC6-3262-4322-A3A9-8F8F4A716247}.Debug|Any CPU.Build.0 = Debug|Any CPU
		{76239EC6-3262-4322-A3A9-8F8F4A716247}.Release|Any CPU.ActiveCfg = Release|Any CPU
		{76239EC6-3262-4322-A3A9-8F8F4A716247}.Release|Any CPU.Build.0 = Release|Any CPU
		{01E9445B-1F80-4E08-87AE-CA1A354743B4}.Debug|Any CPU.ActiveCfg = Debug|Any CPU
		{01E9445B-1F80-4E08-87AE-CA1A354743B4}.Debug|Any CPU.Build.0 = Debug|Any CPU
		{01E9445B-1F80-4E08-87AE-CA1A354743B4}.Release|Any CPU.ActiveCfg = Release|Any CPU
		{01E9445B-1F80-4E08-87AE-CA1A354743B4}.Release|Any CPU.Build.0 = Release|Any CPU
		{B73DC4E9-7AD7-4BDF-8AE0-C7FB88D97DB3}.Debug|Any CPU.ActiveCfg = Debug|Any CPU
		{B73DC4E9-7AD7-4BDF-8AE0-C7FB88D97DB3}.Debug|Any CPU.Build.0 = Debug|Any CPU
		{B73DC4E9-7AD7-4BDF-8AE0-C7FB88D97DB3}.Release|Any CPU.ActiveCfg = Release|Any CPU
		{B73DC4E9-7AD7-4BDF-8AE0-C7FB88D97DB3}.Release|Any CPU.Build.0 = Release|Any CPU
		{AB2B5987-7B44-4E8E-B25D-DE5964DDC513}.Debug|Any CPU.ActiveCfg = Debug|Any CPU
		{AB2B5987-7B44-4E8E-B25D-DE5964DDC513}.Debug|Any CPU.Build.0 = Debug|Any CPU
		{AB2B5987-7B44-4E8E-B25D-DE5964DDC513}.Release|Any CPU.ActiveCfg = Release|Any CPU
		{AB2B5987-7B44-4E8E-B25D-DE5964DDC513}.Release|Any CPU.Build.0 = Release|Any CPU
	EndGlobalSection
	GlobalSection(SolutionProperties) = preSolution
		HideSolutionNode = FALSE
	EndGlobalSection
	GlobalSection(ExtensibilityGlobals) = postSolution
		SolutionGuid = {59165553-4DD1-459A-9EF9-251F8956A192}
	EndGlobalSection
EndGlobal
